
Microsoft Visual Studio Solution File, Format Version 12.00
# Visual Studio 15
VisualStudioVersion = 15.0.26430.16
MinimumVisualStudioVersion = 10.0.40219.1
Project("{FAE04EC0-301F-11D3-BF4B-00C04F79EFBC}") = "Micro-ORMS", "Micro-ORMS\Micro-ORMS.csproj", "{1AB1CC3D-24B6-47E0-9186-4551FFF8CD40}"
EndProject
Project("{2150E333-8FDC-42A3-9474-1A3956D46DE8}") = "Scripts", "Scripts", "{644FFADF-0C2E-4878-AC16-6E3CE9213CB0}"
	ProjectSection(SolutionItems) = preProject
		database.sql = database.sql
		feed-data.sql = feed-data.sql
	EndProjectSection
EndProject
Project("{2150E333-8FDC-42A3-9474-1A3956D46DE8}") = "Application.Api", "Application.Api", "{107B35E2-A9A3-464D-B63F-3AF162A48DA8}"
EndProject
Project("{2150E333-8FDC-42A3-9474-1A3956D46DE8}") = "Micro-ORMS", "Micro-ORMS", "{9779DC61-DEBD-4787-9E42-00DD4FFEFE1A}"
EndProject
Project("{FAE04EC0-301F-11D3-BF4B-00C04F79EFBC}") = "Dapper", "Dapper\Dapper.csproj", "{424B041A-C1BF-4EBF-A2CB-8FAF18458430}"
EndProject
Project("{2150E333-8FDC-42A3-9474-1A3956D46DE8}") = "Application.Services", "Application.Services", "{202DA3A5-6EC8-45D7-A7BB-C72484E55353}"
EndProject
Project("{2150E333-8FDC-42A3-9474-1A3956D46DE8}") = "Interfaces", "Interfaces", "{41326FD8-11C6-48D6-B8EE-2C79F6F70C74}"
EndProject
Project("{2150E333-8FDC-42A3-9474-1A3956D46DE8}") = "Implementations", "Implementations", "{4CCDD270-BE42-47E7-8133-DD49320DEB4E}"
EndProject
Project("{2150E333-8FDC-42A3-9474-1A3956D46DE8}") = "Domain", "Domain", "{99DCB7C0-C157-4A9C-B1F0-DF34391593C0}"
EndProject
Project("{FAE04EC0-301F-11D3-BF4B-00C04F79EFBC}") = "Domain.Models", "Domain.Models\Domain.Models.csproj", "{BC74D70A-19E4-4401-B80C-96B921EF21E8}"
EndProject
Project("{FAE04EC0-301F-11D3-BF4B-00C04F79EFBC}") = "Application.Services", "Application.Services\Application.Services.csproj", "{93BD3831-2CA5-4B32-B9B7-4AFBE50D60B9}"
EndProject
Project("{FAE04EC0-301F-11D3-BF4B-00C04F79EFBC}") = "Application.Services.Interfaces", "Application.Services.Interfaces\Application.Services.Interfaces.csproj", "{C4F8FCE8-B0B9-49BB-B9F3-19613DDF41EE}"
EndProject
Project("{2150E333-8FDC-42A3-9474-1A3956D46DE8}") = "Infrastructure", "Infrastructure", "{302B1437-57A7-4900-BA9B-AB50DCD88D33}"
EndProject
Project("{2150E333-8FDC-42A3-9474-1A3956D46DE8}") = "Data", "Data", "{AC22598C-2625-47BE-A6FB-0201F3747E99}"
EndProject
Project("{2150E333-8FDC-42A3-9474-1A3956D46DE8}") = "Repositories", "Repositories", "{D13827ED-F6BF-444F-B6F7-BC4A60ED9A52}"
EndProject
Project("{FAE04EC0-301F-11D3-BF4B-00C04F79EFBC}") = "Infrastructure.Data.Repositories", "Infrastructure.Data.Repositories\Infrastructure.Data.Repositories.csproj", "{A863034A-ECF5-497A-A86E-2817202F7EEE}"
EndProject
Project("{2150E333-8FDC-42A3-9474-1A3956D46DE8}") = "Implementations", "Implementations", "{049676F6-85FA-4712-BCC9-E642BF97A991}"
EndProject
Project("{2150E333-8FDC-42A3-9474-1A3956D46DE8}") = "Interfaces", "Interfaces", "{DB6EE32F-CAC2-4AC5-9F99-5856956426FE}"
EndProject
Project("{FAE04EC0-301F-11D3-BF4B-00C04F79EFBC}") = "Infrastructure.Data.Repositories.Interfaces", "Infrastructure.Data.Repositories.Interfaces\Infrastructure.Data.Repositories.Interfaces.csproj", "{5AE12FD6-7152-4FAE-8298-942202B3F154}"
EndProject
Project("{2150E333-8FDC-42A3-9474-1A3956D46DE8}") = "CrossCutting", "CrossCutting", "{AAE69279-9B9A-4056-A458-B106AAF14728}"
EndProject
Project("{2150E333-8FDC-42A3-9474-1A3956D46DE8}") = "IoC", "IoC", "{76F9BE96-6E14-4B03-90BE-15CF09F47FBA}"
EndProject
Project("{FAE04EC0-301F-11D3-BF4B-00C04F79EFBC}") = "Infrastructure.CrossCutting.Ioc", "Infrastructure.CrossCutting.Ioc\Infrastructure.CrossCutting.Ioc.csproj", "{2551EAB6-D5EB-42FB-AECB-059643453894}"
EndProject
Global
	GlobalSection(SolutionConfigurationPlatforms) = preSolution
		Debug|Any CPU = Debug|Any CPU
		Release|Any CPU = Release|Any CPU
	EndGlobalSection
	GlobalSection(ProjectConfigurationPlatforms) = postSolution
		{1AB1CC3D-24B6-47E0-9186-4551FFF8CD40}.Debug|Any CPU.ActiveCfg = Debug|Any CPU
		{1AB1CC3D-24B6-47E0-9186-4551FFF8CD40}.Debug|Any CPU.Build.0 = Debug|Any CPU
		{1AB1CC3D-24B6-47E0-9186-4551FFF8CD40}.Release|Any CPU.ActiveCfg = Release|Any CPU
		{1AB1CC3D-24B6-47E0-9186-4551FFF8CD40}.Release|Any CPU.Build.0 = Release|Any CPU
		{424B041A-C1BF-4EBF-A2CB-8FAF18458430}.Debug|Any CPU.ActiveCfg = Debug|Any CPU
		{424B041A-C1BF-4EBF-A2CB-8FAF18458430}.Debug|Any CPU.Build.0 = Debug|Any CPU
		{424B041A-C1BF-4EBF-A2CB-8FAF18458430}.Release|Any CPU.ActiveCfg = Release|Any CPU
		{424B041A-C1BF-4EBF-A2CB-8FAF18458430}.Release|Any CPU.Build.0 = Release|Any CPU
		{BC74D70A-19E4-4401-B80C-96B921EF21E8}.Debug|Any CPU.ActiveCfg = Debug|Any CPU
		{BC74D70A-19E4-4401-B80C-96B921EF21E8}.Debug|Any CPU.Build.0 = Debug|Any CPU
		{BC74D70A-19E4-4401-B80C-96B921EF21E8}.Release|Any CPU.ActiveCfg = Release|Any CPU
		{BC74D70A-19E4-4401-B80C-96B921EF21E8}.Release|Any CPU.Build.0 = Release|Any CPU
		{93BD3831-2CA5-4B32-B9B7-4AFBE50D60B9}.Debug|Any CPU.ActiveCfg = Debug|Any CPU
		{93BD3831-2CA5-4B32-B9B7-4AFBE50D60B9}.Debug|Any CPU.Build.0 = Debug|Any CPU
		{93BD3831-2CA5-4B32-B9B7-4AFBE50D60B9}.Release|Any CPU.ActiveCfg = Release|Any CPU
		{93BD3831-2CA5-4B32-B9B7-4AFBE50D60B9}.Release|Any CPU.Build.0 = Release|Any CPU
		{C4F8FCE8-B0B9-49BB-B9F3-19613DDF41EE}.Debug|Any CPU.ActiveCfg = Debug|Any CPU
		{C4F8FCE8-B0B9-49BB-B9F3-19613DDF41EE}.Debug|Any CPU.Build.0 = Debug|Any CPU
		{C4F8FCE8-B0B9-49BB-B9F3-19613DDF41EE}.Release|Any CPU.ActiveCfg = Release|Any CPU
		{C4F8FCE8-B0B9-49BB-B9F3-19613DDF41EE}.Release|Any CPU.Build.0 = Release|Any CPU
		{A863034A-ECF5-497A-A86E-2817202F7EEE}.Debug|Any CPU.ActiveCfg = Debug|Any CPU
		{A863034A-ECF5-497A-A86E-2817202F7EEE}.Debug|Any CPU.Build.0 = Debug|Any CPU
		{A863034A-ECF5-497A-A86E-2817202F7EEE}.Release|Any CPU.ActiveCfg = Release|Any CPU
		{A863034A-ECF5-497A-A86E-2817202F7EEE}.Release|Any CPU.Build.0 = Release|Any CPU
		{5AE12FD6-7152-4FAE-8298-942202B3F154}.Debug|Any CPU.ActiveCfg = Debug|Any CPU
		{5AE12FD6-7152-4FAE-8298-942202B3F154}.Debug|Any CPU.Build.0 = Debug|Any CPU
		{5AE12FD6-7152-4FAE-8298-942202B3F154}.Release|Any CPU.ActiveCfg = Release|Any CPU
		{5AE12FD6-7152-4FAE-8298-942202B3F154}.Release|Any CPU.Build.0 = Release|Any CPU
		{2551EAB6-D5EB-42FB-AECB-059643453894}.Debug|Any CPU.ActiveCfg = Debug|Any CPU
		{2551EAB6-D5EB-42FB-AECB-059643453894}.Debug|Any CPU.Build.0 = Debug|Any CPU
		{2551EAB6-D5EB-42FB-AECB-059643453894}.Release|Any CPU.ActiveCfg = Release|Any CPU
		{2551EAB6-D5EB-42FB-AECB-059643453894}.Release|Any CPU.Build.0 = Release|Any CPU
	EndGlobalSection
	GlobalSection(SolutionProperties) = preSolution
		HideSolutionNode = FALSE
	EndGlobalSection
	GlobalSection(NestedProjects) = preSolution
		{1AB1CC3D-24B6-47E0-9186-4551FFF8CD40} = {107B35E2-A9A3-464D-B63F-3AF162A48DA8}
		{424B041A-C1BF-4EBF-A2CB-8FAF18458430} = {9779DC61-DEBD-4787-9E42-00DD4FFEFE1A}
		{41326FD8-11C6-48D6-B8EE-2C79F6F70C74} = {202DA3A5-6EC8-45D7-A7BB-C72484E55353}
		{4CCDD270-BE42-47E7-8133-DD49320DEB4E} = {202DA3A5-6EC8-45D7-A7BB-C72484E55353}
		{BC74D70A-19E4-4401-B80C-96B921EF21E8} = {99DCB7C0-C157-4A9C-B1F0-DF34391593C0}
		{93BD3831-2CA5-4B32-B9B7-4AFBE50D60B9} = {4CCDD270-BE42-47E7-8133-DD49320DEB4E}
		{C4F8FCE8-B0B9-49BB-B9F3-19613DDF41EE} = {41326FD8-11C6-48D6-B8EE-2C79F6F70C74}
		{AC22598C-2625-47BE-A6FB-0201F3747E99} = {302B1437-57A7-4900-BA9B-AB50DCD88D33}
		{D13827ED-F6BF-444F-B6F7-BC4A60ED9A52} = {AC22598C-2625-47BE-A6FB-0201F3747E99}
		{A863034A-ECF5-497A-A86E-2817202F7EEE} = {049676F6-85FA-4712-BCC9-E642BF97A991}
		{049676F6-85FA-4712-BCC9-E642BF97A991} = {D13827ED-F6BF-444F-B6F7-BC4A60ED9A52}
		{DB6EE32F-CAC2-4AC5-9F99-5856956426FE} = {D13827ED-F6BF-444F-B6F7-BC4A60ED9A52}
		{5AE12FD6-7152-4FAE-8298-942202B3F154} = {DB6EE32F-CAC2-4AC5-9F99-5856956426FE}
		{AAE69279-9B9A-4056-A458-B106AAF14728} = {302B1437-57A7-4900-BA9B-AB50DCD88D33}
		{76F9BE96-6E14-4B03-90BE-15CF09F47FBA} = {AAE69279-9B9A-4056-A458-B106AAF14728}
		{2551EAB6-D5EB-42FB-AECB-059643453894} = {76F9BE96-6E14-4B03-90BE-15CF09F47FBA}
	EndGlobalSection
EndGlobal
